
Microsoft Visual Studio Solution File, Format Version 12.00
# Visual Studio Version 17
VisualStudioVersion = 17.8.34511.84
MinimumVisualStudioVersion = 10.0.40219.1
Project("{FAE04EC0-301F-11D3-BF4B-00C04F79EFBC}") = "MVC_Projekt_Elearning", "MVC_Projekt_Elearning\MVC_Projekt_Elearning.csproj", "{F7172BF6-1AE5-40E8-A2E9-D813C10F3618}"
EndProject
Global
	GlobalSection(SolutionConfigurationPlatforms) = preSolution
		Debug|Any CPU = Debug|Any CPU
		Release|Any CPU = Release|Any CPU
	EndGlobalSection
	GlobalSection(ProjectConfigurationPlatforms) = postSolution
		{F7172BF6-1AE5-40E8-A2E9-D813C10F3618}.Debug|Any CPU.ActiveCfg = Debug|Any CPU
		{F7172BF6-1AE5-40E8-A2E9-D813C10F3618}.Debug|Any CPU.Build.0 = Debug|Any CPU
		{F7172BF6-1AE5-40E8-A2E9-D813C10F3618}.Release|Any CPU.ActiveCfg = Release|Any CPU
		{F7172BF6-1AE5-40E8-A2E9-D813C10F3618}.Release|Any CPU.Build.0 = Release|Any CPU
	EndGlobalSection
	GlobalSection(SolutionProperties) = preSolution
		HideSolutionNode = FALSE
	EndGlobalSection
	GlobalSection(ExtensibilityGlobals) = postSolution
		SolutionGuid = {0E0F8A67-1A94-4DC5-88C7-EF5020185A6A}
	EndGlobalSection
EndGlobal
